
Microsoft Visual Studio Solution File, Format Version 12.00
# Visual Studio Version 16
VisualStudioVersion = 16.0.30907.101
MinimumVisualStudioVersion = 10.0.40219.1
Project("{9A19103F-16F7-4668-BE54-9A1E7A4F7556}") = "ConsoleUI", "MyFinalProject\ConsoleUI.csproj", "{F3511955-3464-4C29-981A-94BE49B7472E}"
EndProject
Project("{9A19103F-16F7-4668-BE54-9A1E7A4F7556}") = "Entities", "Entities\Entities.csproj", "{CB8A7AEA-3A1C-4831-942F-C98F1C80EAF8}"
EndProject
Project("{9A19103F-16F7-4668-BE54-9A1E7A4F7556}") = "Business", "Business\Business.csproj", "{146080F9-38B1-4AB0-BD20-D0D9CB1181DD}"
EndProject
Project("{9A19103F-16F7-4668-BE54-9A1E7A4F7556}") = "DataAccess", "DataAccess\DataAccess.csproj", "{4CE5CE94-7609-4069-BF67-976A6D34F190}"
EndProject
Project("{FAE04EC0-301F-11D3-BF4B-00C04F79EFBC}") = "Core", "Core\Core.csproj", "{B2874CFC-CA85-4EE3-A8FD-AA9E2E3B4D71}"
EndProject
Global
	GlobalSection(SolutionConfigurationPlatforms) = preSolution
		Debug|Any CPU = Debug|Any CPU
		Release|Any CPU = Release|Any CPU
	EndGlobalSection
	GlobalSection(ProjectConfigurationPlatforms) = postSolution
		{F3511955-3464-4C29-981A-94BE49B7472E}.Debug|Any CPU.ActiveCfg = Debug|Any CPU
		{F3511955-3464-4C29-981A-94BE49B7472E}.Debug|Any CPU.Build.0 = Debug|Any CPU
		{F3511955-3464-4C29-981A-94BE49B7472E}.Release|Any CPU.ActiveCfg = Release|Any CPU
		{F3511955-3464-4C29-981A-94BE49B7472E}.Release|Any CPU.Build.0 = Release|Any CPU
		{CB8A7AEA-3A1C-4831-942F-C98F1C80EAF8}.Debug|Any CPU.ActiveCfg = Debug|Any CPU
		{CB8A7AEA-3A1C-4831-942F-C98F1C80EAF8}.Debug|Any CPU.Build.0 = Debug|Any CPU
		{CB8A7AEA-3A1C-4831-942F-C98F1C80EAF8}.Release|Any CPU.ActiveCfg = Release|Any CPU
		{CB8A7AEA-3A1C-4831-942F-C98F1C80EAF8}.Release|Any CPU.Build.0 = Release|Any CPU
		{146080F9-38B1-4AB0-BD20-D0D9CB1181DD}.Debug|Any CPU.ActiveCfg = Debug|Any CPU
		{146080F9-38B1-4AB0-BD20-D0D9CB1181DD}.Debug|Any CPU.Build.0 = Debug|Any CPU
		{146080F9-38B1-4AB0-BD20-D0D9CB1181DD}.Release|Any CPU.ActiveCfg = Release|Any CPU
		{146080F9-38B1-4AB0-BD20-D0D9CB1181DD}.Release|Any CPU.Build.0 = Release|Any CPU
		{4CE5CE94-7609-4069-BF67-976A6D34F190}.Debug|Any CPU.ActiveCfg = Debug|Any CPU
		{4CE5CE94-7609-4069-BF67-976A6D34F190}.Debug|Any CPU.Build.0 = Debug|Any CPU
		{4CE5CE94-7609-4069-BF67-976A6D34F190}.Release|Any CPU.ActiveCfg = Release|Any CPU
		{4CE5CE94-7609-4069-BF67-976A6D34F190}.Release|Any CPU.Build.0 = Release|Any CPU
		{B2874CFC-CA85-4EE3-A8FD-AA9E2E3B4D71}.Debug|Any CPU.ActiveCfg = Debug|Any CPU
		{B2874CFC-CA85-4EE3-A8FD-AA9E2E3B4D71}.Debug|Any CPU.Build.0 = Debug|Any CPU
		{B2874CFC-CA85-4EE3-A8FD-AA9E2E3B4D71}.Release|Any CPU.ActiveCfg = Release|Any CPU
		{B2874CFC-CA85-4EE3-A8FD-AA9E2E3B4D71}.Release|Any CPU.Build.0 = Release|Any CPU
	EndGlobalSection
	GlobalSection(SolutionProperties) = preSolution
		HideSolutionNode = FALSE
	EndGlobalSection
	GlobalSection(ExtensibilityGlobals) = postSolution
		SolutionGuid = {3ADCC6C1-4C8A-4593-89B7-D85DCEF7C170}
	EndGlobalSection
EndGlobal
